PODS:
  - ASCIIfy (0.3.0):
    - KDTree
  - KDTree (0.2.2)

DEPENDENCIES:
  - ASCIIfy (from `../`)

EXTERNAL SOURCES:
  ASCIIfy:
    :path: "../"

SPEC CHECKSUMS:
  ASCIIfy: bf555746513ca947a738dfc5c5ca2df030694961
  KDTree: 233db66a659ada28a985f1196c193c6f6283a1d4

PODFILE CHECKSUM: 5c2a79ac76f7b7f11f597c8419e99bb69e641b05

COCOAPODS: 1.0.1
