PODS:
  - ASCIIfy (0.3.0):
    - KDTree
  - KDTree (0.1.2)

DEPENDENCIES:
  - ASCIIfy (from `../`)

EXTERNAL SOURCES:
  ASCIIfy:
    :path: "../"

SPEC CHECKSUMS:
  ASCIIfy: bf555746513ca947a738dfc5c5ca2df030694961
  KDTree: 823744f274e9770e990dbb8f14ede7b08dbe879b

PODFILE CHECKSUM: 5c2a79ac76f7b7f11f597c8419e99bb69e641b05

COCOAPODS: 1.0.0.rc.2
