PODS:
  - ASCIIfy (1.0.0):
    - KDTree
  - KDTree (1.0.5)

DEPENDENCIES:
  - ASCIIfy (from `../`)

EXTERNAL SOURCES:
  ASCIIfy:
    :path: ../

SPEC CHECKSUMS:
  ASCIIfy: 8dd7f35091a25dc2f224a552ee71a3fcbd738135
  KDTree: 264be272ac971da97d65be323c35dfffc39e7a4b

PODFILE CHECKSUM: 5c2a79ac76f7b7f11f597c8419e99bb69e641b05

COCOAPODS: 1.4.0.rc.1
