// !$*UTF8*$!
{
	archiveVersion = 1;
	classes = {
	};
	objectVersion = 46;
	objects = {

/* Begin PBXBuildFile section */
		30933761C4D74509D5F70044 /* Pods_ASCIIfy_iOS_Example.framework in Frameworks */ = {isa = PBXBuildFile; fileRef = 5FE310AB93771CA819EEE20D /* Pods_ASCIIfy_iOS_Example.framework */; };
		5350E5EA7075F4FC7485445B /* Pods_ASCIIfy_OSX_Tests.framework in Frameworks */ = {isa = PBXBuildFile; fileRef = DC3481F6FD19823D6F559474 /* Pods_ASCIIfy_OSX_Tests.framework */; };
		607FACEC1AFB9204008FA782 /* TestASCIIConverter.swift in Sources */ = {isa = PBXBuildFile; fileRef = 607FACEB1AFB9204008FA782 /* TestASCIIConverter.swift */; };
		6F20B6DC0DD803BAEE94946A /* Pods_ASCIIfy_iOS_Tests.framework in Frameworks */ = {isa = PBXBuildFile; fileRef = 9C22509D98D182AAA8C74D1C /* Pods_ASCIIfy_iOS_Tests.framework */; };
		84AB2E0A690CFF310739F78C /* Pods_ASCIIfy_OSX_Example.framework in Frameworks */ = {isa = PBXBuildFile; fileRef = 1E764F20BB5C72F8E6E1EAEE /* Pods_ASCIIfy_OSX_Example.framework */; };
		D42C7B461CCDF049005BFE86 /* TestImageUtilities.swift in Sources */ = {isa = PBXBuildFile; fileRef = D42C7B431CCDF003005BFE86 /* TestImageUtilities.swift */; };
		D42C7B471CCDF04A005BFE86 /* TestImageUtilities.swift in Sources */ = {isa = PBXBuildFile; fileRef = D42C7B431CCDF003005BFE86 /* TestImageUtilities.swift */; };
		D43A8CF41CC6CFD600CB94D2 /* AppDelegate.swift in Sources */ = {isa = PBXBuildFile; fileRef = D43A8CF31CC6CFD600CB94D2 /* AppDelegate.swift */; };
		D43A8CF61CC6CFD600CB94D2 /* ViewController.swift in Sources */ = {isa = PBXBuildFile; fileRef = D43A8CF51CC6CFD600CB94D2 /* ViewController.swift */; };
		D43A8CF81CC6CFD600CB94D2 /* Assets.xcassets in Resources */ = {isa = PBXBuildFile; fileRef = D43A8CF71CC6CFD600CB94D2 /* Assets.xcassets */; };
		D43A8D101CC6D17500CB94D2 /* TestASCIIConverter.swift in Sources */ = {isa = PBXBuildFile; fileRef = 607FACEB1AFB9204008FA782 /* TestASCIIConverter.swift */; };
		D43A8D121CC6D17B00CB94D2 /* TestASCIILookUpTable.swift in Sources */ = {isa = PBXBuildFile; fileRef = D43B351D1CC4685000134D3B /* TestASCIILookUpTable.swift */; };
		D43B35151CC453E900134D3B /* AppDelegate.swift in Sources */ = {isa = PBXBuildFile; fileRef = D43B35141CC453E900134D3B /* AppDelegate.swift */; };
		D43B351A1CC456A100134D3B /* checker-2.png in Resources */ = {isa = PBXBuildFile; fileRef = D43B35191CC456A100134D3B /* checker-2.png */; };
		D43B351E1CC4685000134D3B /* TestASCIILookUpTable.swift in Sources */ = {isa = PBXBuildFile; fileRef = D43B351D1CC4685000134D3B /* TestASCIILookUpTable.swift */; };
		D43B35201CC47A0C00134D3B /* checker-1024.png in Resources */ = {isa = PBXBuildFile; fileRef = D43B351F1CC47A0C00134D3B /* checker-1024.png */; };
		D45857101CD1E1F000F664E1 /* ViewController.swift in Sources */ = {isa = PBXBuildFile; fileRef = 607FACD71AFB9204008FA782 /* ViewController.swift */; };
		D46F96DB1CC9B03200355315 /* WindowController.swift in Sources */ = {isa = PBXBuildFile; fileRef = D46F96DA1CC9B03200355315 /* WindowController.swift */; };
		D4B99BD21CCDE4220027B78F /* asymmetric-checker-2.png in Resources */ = {isa = PBXBuildFile; fileRef = D4B99BD11CCDE4220027B78F /* asymmetric-checker-2.png */; };
		D4B99BD31CCDE4220027B78F /* asymmetric-checker-2.png in Resources */ = {isa = PBXBuildFile; fileRef = D4B99BD11CCDE4220027B78F /* asymmetric-checker-2.png */; };
		D4C1B3FF1CCFE42500975AE1 /* LaunchScreen.xib in Resources */ = {isa = PBXBuildFile; fileRef = D4C1B3FD1CCFE42500975AE1 /* LaunchScreen.xib */; };
		D4C1B4001CCFE42500975AE1 /* Main.storyboard in Resources */ = {isa = PBXBuildFile; fileRef = D4C1B3FE1CCFE42500975AE1 /* Main.storyboard */; };
		D4C1B4021CCFE44600975AE1 /* Main.storyboard in Resources */ = {isa = PBXBuildFile; fileRef = D4C1B4011CCFE44600975AE1 /* Main.storyboard */; };
		D4C1B4041CCFEC1000975AE1 /* TestBlockGrid.swift in Sources */ = {isa = PBXBuildFile; fileRef = D4C1B4031CCFEC1000975AE1 /* TestBlockGrid.swift */; };
		D4C1B4051CCFEC1000975AE1 /* TestBlockGrid.swift in Sources */ = {isa = PBXBuildFile; fileRef = D4C1B4031CCFEC1000975AE1 /* TestBlockGrid.swift */; };
		D4C1B4071CCFEF2A00975AE1 /* Images.xcassets in Resources */ = {isa = PBXBuildFile; fileRef = D4C1B4061CCFEF2A00975AE1 /* Images.xcassets */; };
		D4C1B4081CCFEF7F00975AE1 /* checker-2.png in Resources */ = {isa = PBXBuildFile; fileRef = D43B35191CC456A100134D3B /* checker-2.png */; };
		D4C1B4091CCFEF8800975AE1 /* checker-1024.png in Resources */ = {isa = PBXBuildFile; fileRef = D43B351F1CC47A0C00134D3B /* checker-1024.png */; };
		D4CE44F61CD6F31800285A07 /* flower.jpg in Resources */ = {isa = PBXBuildFile; fileRef = D4F45DD91CC950800099662B /* flower.jpg */; };
		D4D8E18F1CD6DBCF0059735A /* OptionsController.swift in Sources */ = {isa = PBXBuildFile; fileRef = D4D8E18E1CD6DBCF0059735A /* OptionsController.swift */; };
		D4F45DDB1CC952E70099662B /* flower.jpg in Resources */ = {isa = PBXBuildFile; fileRef = D4F45DD91CC950800099662B /* flower.jpg */; };
/* End PBXBuildFile section */

/* Begin PBXContainerItemProxy section */
		607FACE61AFB9204008FA782 /* PBXContainerItemProxy */ = {
			isa = PBXContainerItemProxy;
			containerPortal = 607FACC81AFB9204008FA782 /* Project object */;
			proxyType = 1;
			remoteGlobalIDString = 607FACCF1AFB9204008FA782;
			remoteInfo = ASCIIfy;
		};
		D43A8D0B1CC6D12700CB94D2 /* PBXContainerItemProxy */ = {
			isa = PBXContainerItemProxy;
			containerPortal = 607FACC81AFB9204008FA782 /* Project object */;
			proxyType = 1;
			remoteGlobalIDString = D43A8CF01CC6CFD500CB94D2;
			remoteInfo = ASCIIfy_Example_Mac;
		};
/* End PBXContainerItemProxy section */

/* Begin PBXFileReference section */
		15AD0517E1088ED95A050C03 /* Pods-ASCIIfy_iOS_Example.debug.xcconfig */ = {isa = PBXFileReference; includeInIndex = 1; lastKnownFileType = text.xcconfig; name = "Pods-ASCIIfy_iOS_Example.debug.xcconfig"; path = "Pods/Target Support Files/Pods-ASCIIfy_iOS_Example/Pods-ASCIIfy_iOS_Example.debug.xcconfig"; sourceTree = "<group>"; };
		18D1A4ACA90550CD83E06F67 /* Pods-ASCIIfy_iOS_Tests.debug.xcconfig */ = {isa = PBXFileReference; includeInIndex = 1; lastKnownFileType = text.xcconfig; name = "Pods-ASCIIfy_iOS_Tests.debug.xcconfig"; path = "Pods/Target Support Files/Pods-ASCIIfy_iOS_Tests/Pods-ASCIIfy_iOS_Tests.debug.xcconfig"; sourceTree = "<group>"; };
		1E764F20BB5C72F8E6E1EAEE /* Pods_ASCIIfy_OSX_Example.framework */ = {isa = PBXFileReference; explicitFileType = wrapper.framework; includeInIndex = 0; path = Pods_ASCIIfy_OSX_Example.framework; sourceTree = BUILT_PRODUCTS_DIR; };
		2EB39B14887562EEFFE69C60 /* Pods-ASCIIfy_iOS_Example.release.xcconfig */ = {isa = PBXFileReference; includeInIndex = 1; lastKnownFileType = text.xcconfig; name = "Pods-ASCIIfy_iOS_Example.release.xcconfig"; path = "Pods/Target Support Files/Pods-ASCIIfy_iOS_Example/Pods-ASCIIfy_iOS_Example.release.xcconfig"; sourceTree = "<group>"; };
		2FDBC06C560E13AB048B9CA7 /* Pods-ASCIIfy_OSX_Tests.debug.xcconfig */ = {isa = PBXFileReference; includeInIndex = 1; lastKnownFileType = text.xcconfig; name = "Pods-ASCIIfy_OSX_Tests.debug.xcconfig"; path = "Pods/Target Support Files/Pods-ASCIIfy_OSX_Tests/Pods-ASCIIfy_OSX_Tests.debug.xcconfig"; sourceTree = "<group>"; };
		4B1ECFD4E230958B3537995F /* Pods-ASCIIfy_OSX_Example.debug.xcconfig */ = {isa = PBXFileReference; includeInIndex = 1; lastKnownFileType = text.xcconfig; name = "Pods-ASCIIfy_OSX_Example.debug.xcconfig"; path = "Pods/Target Support Files/Pods-ASCIIfy_OSX_Example/Pods-ASCIIfy_OSX_Example.debug.xcconfig"; sourceTree = "<group>"; };
		51EC82B88A8F7AC954D38073 /* LICENSE */ = {isa = PBXFileReference; includeInIndex = 1; lastKnownFileType = text; name = LICENSE; path = ../LICENSE; sourceTree = "<group>"; };
		5BBF51AE10A2FDA476AE1C92 /* ASCIIfy.podspec */ = {isa = PBXFileReference; includeInIndex = 1; lastKnownFileType = text; name = ASCIIfy.podspec; path = ../ASCIIfy.podspec; sourceTree = "<group>"; };
		5FE310AB93771CA819EEE20D /* Pods_ASCIIfy_iOS_Example.framework */ = {isa = PBXFileReference; explicitFileType = wrapper.framework; includeInIndex = 0; path = Pods_ASCIIfy_iOS_Example.framework; sourceTree = BUILT_PRODUCTS_DIR; };
		607FACD01AFB9204008FA782 /* ASCIIfy_iOS_Example.app */ = {isa = PBXFileReference; explicitFileType = wrapper.application; includeInIndex = 0; path = ASCIIfy_iOS_Example.app; sourceTree = BUILT_PRODUCTS_DIR; };
		607FACD41AFB9204008FA782 /* Info.plist */ = {isa = PBXFileReference; lastKnownFileType = text.plist; name = Info.plist; path = iOS/Resources/Info.plist; sourceTree = "<group>"; };
		607FACD71AFB9204008FA782 /* ViewController.swift */ = {isa = PBXFileReference; lastKnownFileType = sourcecode.swift; name = ViewController.swift; path = Source/ViewController.swift; sourceTree = "<group>"; };
		607FACE51AFB9204008FA782 /* ASCIIfy_iOS_Tests.xctest */ = {isa = PBXFileReference; explicitFileType = wrapper.cfbundle; includeInIndex = 0; path = ASCIIfy_iOS_Tests.xctest; sourceTree = BUILT_PRODUCTS_DIR; };
		607FACEA1AFB9204008FA782 /* Info.plist */ = {isa = PBXFileReference; lastKnownFileType = text.plist.xml; path = Info.plist; sourceTree = "<group>"; };
		607FACEB1AFB9204008FA782 /* TestASCIIConverter.swift */ = {isa = PBXFileReference; lastKnownFileType = sourcecode.swift; path = TestASCIIConverter.swift; sourceTree = "<group>"; };
		6B1C46FB540C93B2862E4A60 /* Pods-ASCIIfy_iOS_Tests.release.xcconfig */ = {isa = PBXFileReference; includeInIndex = 1; lastKnownFileType = text.xcconfig; name = "Pods-ASCIIfy_iOS_Tests.release.xcconfig"; path = "Pods/Target Support Files/Pods-ASCIIfy_iOS_Tests/Pods-ASCIIfy_iOS_Tests.release.xcconfig"; sourceTree = "<group>"; };
		6E17D5C7B66500C0E7378DA6 /* README.md */ = {isa = PBXFileReference; includeInIndex = 1; lastKnownFileType = net.daringfireball.markdown; name = README.md; path = ../README.md; sourceTree = "<group>"; };
		9C22509D98D182AAA8C74D1C /* Pods_ASCIIfy_iOS_Tests.framework */ = {isa = PBXFileReference; explicitFileType = wrapper.framework; includeInIndex = 0; path = Pods_ASCIIfy_iOS_Tests.framework; sourceTree = BUILT_PRODUCTS_DIR; };
		A822A697CDA29AD5C5D31D4C /* Pods-ASCIIfy_OSX_Example.release.xcconfig */ = {isa = PBXFileReference; includeInIndex = 1; lastKnownFileType = text.xcconfig; name = "Pods-ASCIIfy_OSX_Example.release.xcconfig"; path = "Pods/Target Support Files/Pods-ASCIIfy_OSX_Example/Pods-ASCIIfy_OSX_Example.release.xcconfig"; sourceTree = "<group>"; };
		AE47ABFC3C7BF8BB8BC6EA42 /* Pods-ASCIIfy_OSX_Tests.release.xcconfig */ = {isa = PBXFileReference; includeInIndex = 1; lastKnownFileType = text.xcconfig; name = "Pods-ASCIIfy_OSX_Tests.release.xcconfig"; path = "Pods/Target Support Files/Pods-ASCIIfy_OSX_Tests/Pods-ASCIIfy_OSX_Tests.release.xcconfig"; sourceTree = "<group>"; };
		C9A0C0DC52D873C0F1E97B8D /* Pods_ASCIIfy_Example.framework */ = {isa = PBXFileReference; explicitFileType = wrapper.framework; includeInIndex = 0; path = Pods_ASCIIfy_Example.framework; sourceTree = BUILT_PRODUCTS_DIR; };
		D42C7B431CCDF003005BFE86 /* TestImageUtilities.swift */ = {isa = PBXFileReference; fileEncoding = 4; lastKnownFileType = sourcecode.swift; path = TestImageUtilities.swift; sourceTree = "<group>"; };
		D43A8CF11CC6CFD500CB94D2 /* ASCIIfy_OSX_Example.app */ = {isa = PBXFileReference; explicitFileType = wrapper.application; includeInIndex = 0; path = ASCIIfy_OSX_Example.app; sourceTree = BUILT_PRODUCTS_DIR; };
		D43A8CF31CC6CFD600CB94D2 /* AppDelegate.swift */ = {isa = PBXFileReference; lastKnownFileType = sourcecode.swift; name = AppDelegate.swift; path = Source/AppDelegate.swift; sourceTree = "<group>"; };
		D43A8CF51CC6CFD600CB94D2 /* ViewController.swift */ = {isa = PBXFileReference; lastKnownFileType = sourcecode.swift; name = ViewController.swift; path = Source/ViewController.swift; sourceTree = "<group>"; };
		D43A8CF71CC6CFD600CB94D2 /* Assets.xcassets */ = {isa = PBXFileReference; lastKnownFileType = folder.assetcatalog; name = Assets.xcassets; path = Resources/Assets.xcassets; sourceTree = "<group>"; };
		D43A8CFC1CC6CFD600CB94D2 /* Info.plist */ = {isa = PBXFileReference; lastKnownFileType = text.plist.xml; name = Info.plist; path = Resources/Info.plist; sourceTree = "<group>"; };
		D43A8D061CC6D12600CB94D2 /* ASCIIfy_OSX_Tests.xctest */ = {isa = PBXFileReference; explicitFileType = wrapper.cfbundle; includeInIndex = 0; path = ASCIIfy_OSX_Tests.xctest; sourceTree = BUILT_PRODUCTS_DIR; };
		D43B35141CC453E900134D3B /* AppDelegate.swift */ = {isa = PBXFileReference; fileEncoding = 4; lastKnownFileType = sourcecode.swift; name = AppDelegate.swift; path = Source/AppDelegate.swift; sourceTree = "<group>"; };
		D43B35191CC456A100134D3B /* checker-2.png */ = {isa = PBXFileReference; lastKnownFileType = image.png; path = "checker-2.png"; sourceTree = "<group>"; };
		D43B351D1CC4685000134D3B /* TestASCIILookUpTable.swift */ = {isa = PBXFileReference; fileEncoding = 4; lastKnownFileType = sourcecode.swift; path = TestASCIILookUpTable.swift; sourceTree = "<group>"; };
		D43B351F1CC47A0C00134D3B /* checker-1024.png */ = {isa = PBXFileReference; lastKnownFileType = image.png; path = "checker-1024.png"; sourceTree = "<group>"; };
		D46F96DA1CC9B03200355315 /* WindowController.swift */ = {isa = PBXFileReference; fileEncoding = 4; lastKnownFileType = sourcecode.swift; name = WindowController.swift; path = Source/WindowController.swift; sourceTree = "<group>"; };
		D4B99BD11CCDE4220027B78F /* asymmetric-checker-2.png */ = {isa = PBXFileReference; lastKnownFileType = image.png; path = "asymmetric-checker-2.png"; sourceTree = "<group>"; };
		D4C1B3FD1CCFE42500975AE1 /* LaunchScreen.xib */ = {isa = PBXFileReference; fileEncoding = 4; lastKnownFileType = file.xib; name = LaunchScreen.xib; path = iOS/Resources/LaunchScreen.xib; sourceTree = SOURCE_ROOT; };
		D4C1B3FE1CCFE42500975AE1 /* Main.storyboard */ = {isa = PBXFileReference; fileEncoding = 4; lastKnownFileType = file.storyboard; name = Main.storyboard; path = iOS/Resources/Main.storyboard; sourceTree = SOURCE_ROOT; };
		D4C1B4011CCFE44600975AE1 /* Main.storyboard */ = {isa = PBXFileReference; fileEncoding = 4; lastKnownFileType = file.storyboard; name = Main.storyboard; path = Resources/Main.storyboard; sourceTree = "<group>"; };
		D4C1B4031CCFEC1000975AE1 /* TestBlockGrid.swift */ = {isa = PBXFileReference; fileEncoding = 4; lastKnownFileType = sourcecode.swift; path = TestBlockGrid.swift; sourceTree = "<group>"; };
		D4C1B4061CCFEF2A00975AE1 /* Images.xcassets */ = {isa = PBXFileReference; lastKnownFileType = folder.assetcatalog; name = Images.xcassets; path = iOS/Resources/Images.xcassets; sourceTree = SOURCE_ROOT; };
		D4D8E18E1CD6DBCF0059735A /* OptionsController.swift */ = {isa = PBXFileReference; fileEncoding = 4; lastKnownFileType = sourcecode.swift; name = OptionsController.swift; path = Source/OptionsController.swift; sourceTree = "<group>"; };
		D4F45DD91CC950800099662B /* flower.jpg */ = {isa = PBXFileReference; lastKnownFileType = image.jpeg; path = flower.jpg; sourceTree = "<group>"; };
		DC3481F6FD19823D6F559474 /* Pods_ASCIIfy_OSX_Tests.framework */ = {isa = PBXFileReference; explicitFileType = wrapper.framework; includeInIndex = 0; path = Pods_ASCIIfy_OSX_Tests.framework; sourceTree = BUILT_PRODUCTS_DIR; };
		F319F58F0B54F496924C54BB /* Pods_ASCIIfy_Tests.framework */ = {isa = PBXFileReference; explicitFileType = wrapper.framework; includeInIndex = 0; path = Pods_ASCIIfy_Tests.framework; sourceTree = BUILT_PRODUCTS_DIR; };
/* End PBXFileReference section */

/* Begin PBXFrameworksBuildPhase section */
		607FACCD1AFB9204008FA782 /* Frameworks */ = {
			isa = PBXFrameworksBuildPhase;
			buildActionMask = 2147483647;
			files = (
				30933761C4D74509D5F70044 /* Pods_ASCIIfy_iOS_Example.framework in Frameworks */,
			);
			runOnlyForDeploymentPostprocessing = 0;
		};
		607FACE21AFB9204008FA782 /* Frameworks */ = {
			isa = PBXFrameworksBuildPhase;
			buildActionMask = 2147483647;
			files = (
				6F20B6DC0DD803BAEE94946A /* Pods_ASCIIfy_iOS_Tests.framework in Frameworks */,
			);
			runOnlyForDeploymentPostprocessing = 0;
		};
		D43A8CEE1CC6CFD500CB94D2 /* Frameworks */ = {
			isa = PBXFrameworksBuildPhase;
			buildActionMask = 2147483647;
			files = (
				84AB2E0A690CFF310739F78C /* Pods_ASCIIfy_OSX_Example.framework in Frameworks */,
			);
			runOnlyForDeploymentPostprocessing = 0;
		};
		D43A8D031CC6D12600CB94D2 /* Frameworks */ = {
			isa = PBXFrameworksBuildPhase;
			buildActionMask = 2147483647;
			files = (
				5350E5EA7075F4FC7485445B /* Pods_ASCIIfy_OSX_Tests.framework in Frameworks */,
			);
			runOnlyForDeploymentPostprocessing = 0;
		};
/* End PBXFrameworksBuildPhase section */

/* Begin PBXGroup section */
		33D879706936E9DFB61674D9 /* Pods */ = {
			isa = PBXGroup;
			children = (
				4B1ECFD4E230958B3537995F /* Pods-ASCIIfy_OSX_Example.debug.xcconfig */,
				A822A697CDA29AD5C5D31D4C /* Pods-ASCIIfy_OSX_Example.release.xcconfig */,
				2FDBC06C560E13AB048B9CA7 /* Pods-ASCIIfy_OSX_Tests.debug.xcconfig */,
				AE47ABFC3C7BF8BB8BC6EA42 /* Pods-ASCIIfy_OSX_Tests.release.xcconfig */,
				15AD0517E1088ED95A050C03 /* Pods-ASCIIfy_iOS_Example.debug.xcconfig */,
				2EB39B14887562EEFFE69C60 /* Pods-ASCIIfy_iOS_Example.release.xcconfig */,
				18D1A4ACA90550CD83E06F67 /* Pods-ASCIIfy_iOS_Tests.debug.xcconfig */,
				6B1C46FB540C93B2862E4A60 /* Pods-ASCIIfy_iOS_Tests.release.xcconfig */,
			);
			name = Pods;
			sourceTree = "<group>";
		};
		607FACC71AFB9204008FA782 = {
			isa = PBXGroup;
			children = (
				607FACF51AFB993E008FA782 /* Podspec Metadata */,
				607FACD21AFB9204008FA782 /* Example for ASCIIfy */,
				D43A8CF21CC6CFD600CB94D2 /* Example for ASCIIfy (Mac) */,
				607FACE81AFB9204008FA782 /* Tests */,
				607FACD11AFB9204008FA782 /* Products */,
				33D879706936E9DFB61674D9 /* Pods */,
				691667F198F231BE98195CE7 /* Frameworks */,
			);
			sourceTree = "<group>";
		};
		607FACD11AFB9204008FA782 /* Products */ = {
			isa = PBXGroup;
			children = (
				607FACD01AFB9204008FA782 /* ASCIIfy_iOS_Example.app */,
				607FACE51AFB9204008FA782 /* ASCIIfy_iOS_Tests.xctest */,
				D43A8CF11CC6CFD500CB94D2 /* ASCIIfy_OSX_Example.app */,
				D43A8D061CC6D12600CB94D2 /* ASCIIfy_OSX_Tests.xctest */,
			);
			name = Products;
			sourceTree = "<group>";
		};
		607FACD21AFB9204008FA782 /* Example for ASCIIfy */ = {
			isa = PBXGroup;
			children = (
				D43B35141CC453E900134D3B /* AppDelegate.swift */,
				607FACD71AFB9204008FA782 /* ViewController.swift */,
				D4D8E18E1CD6DBCF0059735A /* OptionsController.swift */,
				607FACD31AFB9204008FA782 /* Supporting Files */,
			);
			name = "Example for ASCIIfy";
			path = iOS;
			sourceTree = "<group>";
		};
		607FACD31AFB9204008FA782 /* Supporting Files */ = {
			isa = PBXGroup;
			children = (
				D4C1B3FD1CCFE42500975AE1 /* LaunchScreen.xib */,
				D4C1B3FE1CCFE42500975AE1 /* Main.storyboard */,
				D4C1B4061CCFEF2A00975AE1 /* Images.xcassets */,
				607FACD41AFB9204008FA782 /* Info.plist */,
			);
			name = "Supporting Files";
			path = ../Resources;
			sourceTree = "<group>";
		};
		607FACE81AFB9204008FA782 /* Tests */ = {
			isa = PBXGroup;
			children = (
				D43B35161CC4545800134D3B /* Resources */,
				607FACE91AFB9204008FA782 /* Supporting Files */,
				607FACEB1AFB9204008FA782 /* TestASCIIConverter.swift */,
				D43B351D1CC4685000134D3B /* TestASCIILookUpTable.swift */,
				D42C7B431CCDF003005BFE86 /* TestImageUtilities.swift */,
				D4C1B4031CCFEC1000975AE1 /* TestBlockGrid.swift */,
			);
			name = Tests;
			path = ../Tests;
			sourceTree = "<group>";
		};
		607FACE91AFB9204008FA782 /* Supporting Files */ = {
			isa = PBXGroup;
			children = (
				607FACEA1AFB9204008FA782 /* Info.plist */,
			);
			name = "Supporting Files";
			sourceTree = "<group>";
		};
		607FACF51AFB993E008FA782 /* Podspec Metadata */ = {
			isa = PBXGroup;
			children = (
				5BBF51AE10A2FDA476AE1C92 /* ASCIIfy.podspec */,
				6E17D5C7B66500C0E7378DA6 /* README.md */,
				51EC82B88A8F7AC954D38073 /* LICENSE */,
			);
			name = "Podspec Metadata";
			sourceTree = "<group>";
		};
		691667F198F231BE98195CE7 /* Frameworks */ = {
			isa = PBXGroup;
			children = (
				C9A0C0DC52D873C0F1E97B8D /* Pods_ASCIIfy_Example.framework */,
				F319F58F0B54F496924C54BB /* Pods_ASCIIfy_Tests.framework */,
				1E764F20BB5C72F8E6E1EAEE /* Pods_ASCIIfy_OSX_Example.framework */,
				DC3481F6FD19823D6F559474 /* Pods_ASCIIfy_OSX_Tests.framework */,
				5FE310AB93771CA819EEE20D /* Pods_ASCIIfy_iOS_Example.framework */,
				9C22509D98D182AAA8C74D1C /* Pods_ASCIIfy_iOS_Tests.framework */,
			);
			name = Frameworks;
			sourceTree = "<group>";
		};
		D43A8CF21CC6CFD600CB94D2 /* Example for ASCIIfy (Mac) */ = {
			isa = PBXGroup;
			children = (
				D43A8CF31CC6CFD600CB94D2 /* AppDelegate.swift */,
				D43A8CF51CC6CFD600CB94D2 /* ViewController.swift */,
				D46F96DA1CC9B03200355315 /* WindowController.swift */,
				D496ADE21CCFE04000F0DC11 /* Supporting Files */,
			);
			name = "Example for ASCIIfy (Mac)";
			path = Mac;
			sourceTree = "<group>";
		};
		D43B35161CC4545800134D3B /* Resources */ = {
			isa = PBXGroup;
			children = (
				D4B99BD11CCDE4220027B78F /* asymmetric-checker-2.png */,
				D4F45DD91CC950800099662B /* flower.jpg */,
				D43B351F1CC47A0C00134D3B /* checker-1024.png */,
				D43B35191CC456A100134D3B /* checker-2.png */,
			);
			path = Resources;
			sourceTree = "<group>";
		};
		D496ADE21CCFE04000F0DC11 /* Supporting Files */ = {
			isa = PBXGroup;
			children = (
				D4C1B4011CCFE44600975AE1 /* Main.storyboard */,
				D43A8CF71CC6CFD600CB94D2 /* Assets.xcassets */,
				D43A8CFC1CC6CFD600CB94D2 /* Info.plist */,
			);
			name = "Supporting Files";
			sourceTree = "<group>";
		};
/* End PBXGroup section */

/* Begin PBXNativeTarget section */
		607FACCF1AFB9204008FA782 /* ASCIIfy_iOS_Example */ = {
			isa = PBXNativeTarget;
			buildConfigurationList = 607FACEF1AFB9204008FA782 /* Build configuration list for PBXNativeTarget "ASCIIfy_iOS_Example" */;
			buildPhases = (
				E7EE1E4D2A5E67ED3D4DB9E4 /* [CP] Check Pods Manifest.lock */,
				607FACCC1AFB9204008FA782 /* Sources */,
				607FACCD1AFB9204008FA782 /* Frameworks */,
				607FACCE1AFB9204008FA782 /* Resources */,
				89D4F03C1A71C91E07CCE01D /* [CP] Embed Pods Frameworks */,
				F8E288E335949F5F59395160 /* [CP] Copy Pods Resources */,
			);
			buildRules = (
			);
			dependencies = (
			);
			name = ASCIIfy_iOS_Example;
			productName = ASCIIfy;
			productReference = 607FACD01AFB9204008FA782 /* ASCIIfy_iOS_Example.app */;
			productType = "com.apple.product-type.application";
		};
		607FACE41AFB9204008FA782 /* ASCIIfy_iOS_Tests */ = {
			isa = PBXNativeTarget;
			buildConfigurationList = 607FACF21AFB9204008FA782 /* Build configuration list for PBXNativeTarget "ASCIIfy_iOS_Tests" */;
			buildPhases = (
				E8B52462E4AD40A872041175 /* [CP] Check Pods Manifest.lock */,
				607FACE11AFB9204008FA782 /* Sources */,
				607FACE21AFB9204008FA782 /* Frameworks */,
				607FACE31AFB9204008FA782 /* Resources */,
				43B7C0FC65D93F24F8247050 /* [CP] Embed Pods Frameworks */,
				296664CDDD065919B8611EF2 /* [CP] Copy Pods Resources */,
			);
			buildRules = (
			);
			dependencies = (
				607FACE71AFB9204008FA782 /* PBXTargetDependency */,
			);
			name = ASCIIfy_iOS_Tests;
			productName = Tests;
			productReference = 607FACE51AFB9204008FA782 /* ASCIIfy_iOS_Tests.xctest */;
			productType = "com.apple.product-type.bundle.unit-test";
		};
		D43A8CF01CC6CFD500CB94D2 /* ASCIIfy_OSX_Example */ = {
			isa = PBXNativeTarget;
			buildConfigurationList = D43A8CFF1CC6CFD600CB94D2 /* Build configuration list for PBXNativeTarget "ASCIIfy_OSX_Example" */;
			buildPhases = (
				24EB803C5EE4E8C426A0FFAD /* [CP] Check Pods Manifest.lock */,
				D43A8CED1CC6CFD500CB94D2 /* Sources */,
				D43A8CEE1CC6CFD500CB94D2 /* Frameworks */,
				D43A8CEF1CC6CFD500CB94D2 /* Resources */,
				9FBB5AB9E9075F885DA9CAE8 /* [CP] Embed Pods Frameworks */,
				60DB91BA6590FA78D0BEFD30 /* [CP] Copy Pods Resources */,
			);
			buildRules = (
			);
			dependencies = (
			);
			name = ASCIIfy_OSX_Example;
			productName = ASCIIfy_Example_Mac;
			productReference = D43A8CF11CC6CFD500CB94D2 /* ASCIIfy_OSX_Example.app */;
			productType = "com.apple.product-type.application";
		};
		D43A8D051CC6D12600CB94D2 /* ASCIIfy_OSX_Tests */ = {
			isa = PBXNativeTarget;
			buildConfigurationList = D43A8D0D1CC6D12700CB94D2 /* Build configuration list for PBXNativeTarget "ASCIIfy_OSX_Tests" */;
			buildPhases = (
				375996F7EAAA4EC227323174 /* [CP] Check Pods Manifest.lock */,
				D43A8D021CC6D12600CB94D2 /* Sources */,
				D43A8D031CC6D12600CB94D2 /* Frameworks */,
				D43A8D041CC6D12600CB94D2 /* Resources */,
				BD52A4F136D2A71DC2BC3930 /* [CP] Embed Pods Frameworks */,
				6053781D15A081C8FA89856F /* [CP] Copy Pods Resources */,
			);
			buildRules = (
			);
			dependencies = (
				D43A8D0C1CC6D12700CB94D2 /* PBXTargetDependency */,
			);
			name = ASCIIfy_OSX_Tests;
			productName = ASCIIfy_Mac_Tests;
			productReference = D43A8D061CC6D12600CB94D2 /* ASCIIfy_OSX_Tests.xctest */;
			productType = "com.apple.product-type.bundle.unit-test";
		};
/* End PBXNativeTarget section */

/* Begin PBXProject section */
		607FACC81AFB9204008FA782 /* Project object */ = {
			isa = PBXProject;
			attributes = {
				LastSwiftUpdateCheck = 0730;
				LastUpgradeCheck = 0800;
				ORGANIZATIONNAME = CocoaPods;
				TargetAttributes = {
					607FACCF1AFB9204008FA782 = {
						CreatedOnToolsVersion = 6.3.1;
						LastSwiftMigration = 0800;
					};
					607FACE41AFB9204008FA782 = {
						CreatedOnToolsVersion = 6.3.1;
						LastSwiftMigration = 0800;
						TestTargetID = 607FACCF1AFB9204008FA782;
					};
					D43A8CF01CC6CFD500CB94D2 = {
						CreatedOnToolsVersion = 7.3;
						LastSwiftMigration = 0800;
					};
					D43A8D051CC6D12600CB94D2 = {
						CreatedOnToolsVersion = 7.3;
						LastSwiftMigration = 0800;
						TestTargetID = D43A8CF01CC6CFD500CB94D2;
					};
				};
			};
			buildConfigurationList = 607FACCB1AFB9204008FA782 /* Build configuration list for PBXProject "ASCIIfy" */;
			compatibilityVersion = "Xcode 3.2";
			developmentRegion = English;
			hasScannedForEncodings = 0;
			knownRegions = (
				en,
				Base,
			);
			mainGroup = 607FACC71AFB9204008FA782;
			productRefGroup = 607FACD11AFB9204008FA782 /* Products */;
			projectDirPath = "";
			projectRoot = "";
			targets = (
				607FACCF1AFB9204008FA782 /* ASCIIfy_iOS_Example */,
				607FACE41AFB9204008FA782 /* ASCIIfy_iOS_Tests */,
				D43A8CF01CC6CFD500CB94D2 /* ASCIIfy_OSX_Example */,
				D43A8D051CC6D12600CB94D2 /* ASCIIfy_OSX_Tests */,
			);
		};
/* End PBXProject section */

/* Begin PBXResourcesBuildPhase section */
		607FACCE1AFB9204008FA782 /* Resources */ = {
			isa = PBXResourcesBuildPhase;
			buildActionMask = 2147483647;
			files = (
				D4CE44F61CD6F31800285A07 /* flower.jpg in Resources */,
				D4C1B4071CCFEF2A00975AE1 /* Images.xcassets in Resources */,
				D4C1B4001CCFE42500975AE1 /* Main.storyboard in Resources */,
				D4C1B3FF1CCFE42500975AE1 /* LaunchScreen.xib in Resources */,
			);
			runOnlyForDeploymentPostprocessing = 0;
		};
		607FACE31AFB9204008FA782 /* Resources */ = {
			isa = PBXResourcesBuildPhase;
			buildActionMask = 2147483647;
			files = (
				D43B35201CC47A0C00134D3B /* checker-1024.png in Resources */,
				D43B351A1CC456A100134D3B /* checker-2.png in Resources */,
				D4B99BD21CCDE4220027B78F /* asymmetric-checker-2.png in Resources */,
			);
			runOnlyForDeploymentPostprocessing = 0;
		};
		D43A8CEF1CC6CFD500CB94D2 /* Resources */ = {
			isa = PBXResourcesBuildPhase;
			buildActionMask = 2147483647;
			files = (
				D4C1B4021CCFE44600975AE1 /* Main.storyboard in Resources */,
				D43A8CF81CC6CFD600CB94D2 /* Assets.xcassets in Resources */,
				D4F45DDB1CC952E70099662B /* flower.jpg in Resources */,
			);
			runOnlyForDeploymentPostprocessing = 0;
		};
		D43A8D041CC6D12600CB94D2 /* Resources */ = {
			isa = PBXResourcesBuildPhase;
			buildActionMask = 2147483647;
			files = (
				D4C1B4091CCFEF8800975AE1 /* checker-1024.png in Resources */,
				D4C1B4081CCFEF7F00975AE1 /* checker-2.png in Resources */,
				D4B99BD31CCDE4220027B78F /* asymmetric-checker-2.png in Resources */,
			);
			runOnlyForDeploymentPostprocessing = 0;
		};
/* End PBXResourcesBuildPhase section */

/* Begin PBXShellScriptBuildPhase section */
		24EB803C5EE4E8C426A0FFAD /* [CP] Check Pods Manifest.lock */ = {
			isa = PBXShellScriptBuildPhase;
			buildActionMask = 2147483647;
			files = (
			);
			inputPaths = (
			);
			name = "[CP] Check Pods Manifest.lock";
			outputPaths = (
			);
			runOnlyForDeploymentPostprocessing = 0;
			shellPath = /bin/sh;
			shellScript = "diff \"${PODS_ROOT}/../Podfile.lock\" \"${PODS_ROOT}/Manifest.lock\" > /dev/null\nif [[ $? != 0 ]] ; then\n    cat << EOM\nerror: The sandbox is not in sync with the Podfile.lock. Run 'pod install' or update your CocoaPods installation.\nEOM\n    exit 1\nfi\n";
			showEnvVarsInLog = 0;
		};
		296664CDDD065919B8611EF2 /* [CP] Copy Pods Resources */ = {
			isa = PBXShellScriptBuildPhase;
			buildActionMask = 2147483647;
			files = (
			);
			inputPaths = (
			);
			name = "[CP] Copy Pods Resources";
			outputPaths = (
			);
			runOnlyForDeploymentPostprocessing = 0;
			shellPath = /bin/sh;
			shellScript = "\"${SRCROOT}/Pods/Target Support Files/Pods-ASCIIfy_iOS_Tests/Pods-ASCIIfy_iOS_Tests-resources.sh\"\n";
			showEnvVarsInLog = 0;
		};
		375996F7EAAA4EC227323174 /* [CP] Check Pods Manifest.lock */ = {
			isa = PBXShellScriptBuildPhase;
			buildActionMask = 2147483647;
			files = (
			);
			inputPaths = (
			);
			name = "[CP] Check Pods Manifest.lock";
			outputPaths = (
			);
			runOnlyForDeploymentPostprocessing = 0;
			shellPath = /bin/sh;
			shellScript = "diff \"${PODS_ROOT}/../Podfile.lock\" \"${PODS_ROOT}/Manifest.lock\" > /dev/null\nif [[ $? != 0 ]] ; then\n    cat << EOM\nerror: The sandbox is not in sync with the Podfile.lock. Run 'pod install' or update your CocoaPods installation.\nEOM\n    exit 1\nfi\n";
			showEnvVarsInLog = 0;
		};
		43B7C0FC65D93F24F8247050 /* [CP] Embed Pods Frameworks */ = {
			isa = PBXShellScriptBuildPhase;
			buildActionMask = 2147483647;
			files = (
			);
			inputPaths = (
			);
			name = "[CP] Embed Pods Frameworks";
			outputPaths = (
			);
			runOnlyForDeploymentPostprocessing = 0;
			shellPath = /bin/sh;
			shellScript = "\"${SRCROOT}/Pods/Target Support Files/Pods-ASCIIfy_iOS_Tests/Pods-ASCIIfy_iOS_Tests-frameworks.sh\"\n";
			showEnvVarsInLog = 0;
		};
		6053781D15A081C8FA89856F /* [CP] Copy Pods Resources */ = {
			isa = PBXShellScriptBuildPhase;
			buildActionMask = 2147483647;
			files = (
			);
			inputPaths = (
			);
			name = "[CP] Copy Pods Resources";
			outputPaths = (
			);
			runOnlyForDeploymentPostprocessing = 0;
			shellPath = /bin/sh;
			shellScript = "\"${SRCROOT}/Pods/Target Support Files/Pods-ASCIIfy_OSX_Tests/Pods-ASCIIfy_OSX_Tests-resources.sh\"\n";
			showEnvVarsInLog = 0;
		};
		60DB91BA6590FA78D0BEFD30 /* [CP] Copy Pods Resources */ = {
			isa = PBXShellScriptBuildPhase;
			buildActionMask = 2147483647;
			files = (
			);
			inputPaths = (
			);
			name = "[CP] Copy Pods Resources";
			outputPaths = (
			);
			runOnlyForDeploymentPostprocessing = 0;
			shellPath = /bin/sh;
			shellScript = "\"${SRCROOT}/Pods/Target Support Files/Pods-ASCIIfy_OSX_Example/Pods-ASCIIfy_OSX_Example-resources.sh\"\n";
			showEnvVarsInLog = 0;
		};
		89D4F03C1A71C91E07CCE01D /* [CP] Embed Pods Frameworks */ = {
			isa = PBXShellScriptBuildPhase;
			buildActionMask = 2147483647;
			files = (
			);
			inputPaths = (
			);
			name = "[CP] Embed Pods Frameworks";
			outputPaths = (
			);
			runOnlyForDeploymentPostprocessing = 0;
			shellPath = /bin/sh;
			shellScript = "\"${SRCROOT}/Pods/Target Support Files/Pods-ASCIIfy_iOS_Example/Pods-ASCIIfy_iOS_Example-frameworks.sh\"\n";
			showEnvVarsInLog = 0;
		};
		9FBB5AB9E9075F885DA9CAE8 /* [CP] Embed Pods Frameworks */ = {
			isa = PBXShellScriptBuildPhase;
			buildActionMask = 2147483647;
			files = (
			);
			inputPaths = (
			);
			name = "[CP] Embed Pods Frameworks";
			outputPaths = (
			);
			runOnlyForDeploymentPostprocessing = 0;
			shellPath = /bin/sh;
			shellScript = "\"${SRCROOT}/Pods/Target Support Files/Pods-ASCIIfy_OSX_Example/Pods-ASCIIfy_OSX_Example-frameworks.sh\"\n";
			showEnvVarsInLog = 0;
		};
		BD52A4F136D2A71DC2BC3930 /* [CP] Embed Pods Frameworks */ = {
			isa = PBXShellScriptBuildPhase;
			buildActionMask = 2147483647;
			files = (
			);
			inputPaths = (
			);
			name = "[CP] Embed Pods Frameworks";
			outputPaths = (
			);
			runOnlyForDeploymentPostprocessing = 0;
			shellPath = /bin/sh;
			shellScript = "\"${SRCROOT}/Pods/Target Support Files/Pods-ASCIIfy_OSX_Tests/Pods-ASCIIfy_OSX_Tests-frameworks.sh\"\n";
			showEnvVarsInLog = 0;
		};
		E7EE1E4D2A5E67ED3D4DB9E4 /* [CP] Check Pods Manifest.lock */ = {
			isa = PBXShellScriptBuildPhase;
			buildActionMask = 2147483647;
			files = (
			);
			inputPaths = (
			);
			name = "[CP] Check Pods Manifest.lock";
			outputPaths = (
			);
			runOnlyForDeploymentPostprocessing = 0;
			shellPath = /bin/sh;
			shellScript = "diff \"${PODS_ROOT}/../Podfile.lock\" \"${PODS_ROOT}/Manifest.lock\" > /dev/null\nif [[ $? != 0 ]] ; then\n    cat << EOM\nerror: The sandbox is not in sync with the Podfile.lock. Run 'pod install' or update your CocoaPods installation.\nEOM\n    exit 1\nfi\n";
			showEnvVarsInLog = 0;
		};
		E8B52462E4AD40A872041175 /* [CP] Check Pods Manifest.lock */ = {
			isa = PBXShellScriptBuildPhase;
			buildActionMask = 2147483647;
			files = (
			);
			inputPaths = (
			);
			name = "[CP] Check Pods Manifest.lock";
			outputPaths = (
			);
			runOnlyForDeploymentPostprocessing = 0;
			shellPath = /bin/sh;
			shellScript = "diff \"${PODS_ROOT}/../Podfile.lock\" \"${PODS_ROOT}/Manifest.lock\" > /dev/null\nif [[ $? != 0 ]] ; then\n    cat << EOM\nerror: The sandbox is not in sync with the Podfile.lock. Run 'pod install' or update your CocoaPods installation.\nEOM\n    exit 1\nfi\n";
			showEnvVarsInLog = 0;
		};
		F8E288E335949F5F59395160 /* [CP] Copy Pods Resources */ = {
			isa = PBXShellScriptBuildPhase;
			buildActionMask = 2147483647;
			files = (
			);
			inputPaths = (
			);
			name = "[CP] Copy Pods Resources";
			outputPaths = (
			);
			runOnlyForDeploymentPostprocessing = 0;
			shellPath = /bin/sh;
			shellScript = "\"${SRCROOT}/Pods/Target Support Files/Pods-ASCIIfy_iOS_Example/Pods-ASCIIfy_iOS_Example-resources.sh\"\n";
			showEnvVarsInLog = 0;
		};
/* End PBXShellScriptBuildPhase section */

/* Begin PBXSourcesBuildPhase section */
		607FACCC1AFB9204008FA782 /* Sources */ = {
			isa = PBXSourcesBuildPhase;
			buildActionMask = 2147483647;
			files = (
				D45857101CD1E1F000F664E1 /* ViewController.swift in Sources */,
				D4D8E18F1CD6DBCF0059735A /* OptionsController.swift in Sources */,
				D43B35151CC453E900134D3B /* AppDelegate.swift in Sources */,
			);
			runOnlyForDeploymentPostprocessing = 0;
		};
		607FACE11AFB9204008FA782 /* Sources */ = {
			isa = PBXSourcesBuildPhase;
			buildActionMask = 2147483647;
			files = (
				D43B351E1CC4685000134D3B /* TestASCIILookUpTable.swift in Sources */,
				D42C7B461CCDF049005BFE86 /* TestImageUtilities.swift in Sources */,
				607FACEC1AFB9204008FA782 /* TestASCIIConverter.swift in Sources */,
				D4C1B4041CCFEC1000975AE1 /* TestBlockGrid.swift in Sources */,
			);
			runOnlyForDeploymentPostprocessing = 0;
		};
		D43A8CED1CC6CFD500CB94D2 /* Sources */ = {
			isa = PBXSourcesBuildPhase;
			buildActionMask = 2147483647;
			files = (
				D43A8CF61CC6CFD600CB94D2 /* ViewController.swift in Sources */,
				D46F96DB1CC9B03200355315 /* WindowController.swift in Sources */,
				D43A8CF41CC6CFD600CB94D2 /* AppDelegate.swift in Sources */,
			);
			runOnlyForDeploymentPostprocessing = 0;
		};
		D43A8D021CC6D12600CB94D2 /* Sources */ = {
			isa = PBXSourcesBuildPhase;
			buildActionMask = 2147483647;
			files = (
				D43A8D101CC6D17500CB94D2 /* TestASCIIConverter.swift in Sources */,
				D42C7B471CCDF04A005BFE86 /* TestImageUtilities.swift in Sources */,
				D43A8D121CC6D17B00CB94D2 /* TestASCIILookUpTable.swift in Sources */,
				D4C1B4051CCFEC1000975AE1 /* TestBlockGrid.swift in Sources */,
			);
			runOnlyForDeploymentPostprocessing = 0;
		};
/* End PBXSourcesBuildPhase section */

/* Begin PBXTargetDependency section */
		607FACE71AFB9204008FA782 /* PBXTargetDependency */ = {
			isa = PBXTargetDependency;
			target = 607FACCF1AFB9204008FA782 /* ASCIIfy_iOS_Example */;
			targetProxy = 607FACE61AFB9204008FA782 /* PBXContainerItemProxy */;
		};
		D43A8D0C1CC6D12700CB94D2 /* PBXTargetDependency */ = {
			isa = PBXTargetDependency;
			target = D43A8CF01CC6CFD500CB94D2 /* ASCIIfy_OSX_Example */;
			targetProxy = D43A8D0B1CC6D12700CB94D2 /* PBXContainerItemProxy */;
		};
/* End PBXTargetDependency section */

/* Begin XCBuildConfiguration section */
		607FACED1AFB9204008FA782 /* Debug */ = {
			isa = XCBuildConfiguration;
			buildSettings = {
				ALWAYS_SEARCH_USER_PATHS = NO;
				CLANG_CXX_LANGUAGE_STANDARD = "gnu++0x";
				CLANG_CXX_LIBRARY = "libc++";
				CLANG_ENABLE_MODULES = YES;
				CLANG_ENABLE_OBJC_ARC = YES;
				CLANG_WARN_BOOL_CONVERSION = YES;
				CLANG_WARN_CONSTANT_CONVERSION = YES;
				CLANG_WARN_DIRECT_OBJC_ISA_USAGE = YES_ERROR;
				CLANG_WARN_EMPTY_BODY = YES;
				CLANG_WARN_ENUM_CONVERSION = YES;
				CLANG_WARN_INFINITE_RECURSION = YES;
				CLANG_WARN_INT_CONVERSION = YES;
				CLANG_WARN_OBJC_ROOT_CLASS = YES_ERROR;
				CLANG_WARN_SUSPICIOUS_MOVE = YES;
				CLANG_WARN_UNREACHABLE_CODE = YES;
				CLANG_WARN__DUPLICATE_METHOD_MATCH = YES;
				"CODE_SIGN_IDENTITY[sdk=iphoneos*]" = "iPhone Developer";
				COPY_PHASE_STRIP = NO;
				DEBUG_INFORMATION_FORMAT = "dwarf-with-dsym";
				ENABLE_STRICT_OBJC_MSGSEND = YES;
				ENABLE_TESTABILITY = YES;
				GCC_C_LANGUAGE_STANDARD = gnu99;
				GCC_DYNAMIC_NO_PIC = NO;
				GCC_NO_COMMON_BLOCKS = YES;
				GCC_OPTIMIZATION_LEVEL = 0;
				GCC_PREPROCESSOR_DEFINITIONS = (
					"DEBUG=1",
					"$(inherited)",
				);
				GCC_SYMBOLS_PRIVATE_EXTERN = NO;
				GCC_WARN_64_TO_32_BIT_CONVERSION = YES;
				GCC_WARN_ABOUT_RETURN_TYPE = YES_ERROR;
				GCC_WARN_UNDECLARED_SELECTOR = YES;
				GCC_WARN_UNINITIALIZED_AUTOS = YES_AGGRESSIVE;
				GCC_WARN_UNUSED_FUNCTION = YES;
				GCC_WARN_UNUSED_VARIABLE = YES;
				IPHONEOS_DEPLOYMENT_TARGET = 8.3;
				MTL_ENABLE_DEBUG_INFO = YES;
				ONLY_ACTIVE_ARCH = YES;
				SDKROOT = iphoneos;
				SWIFT_OPTIMIZATION_LEVEL = "-Onone";
			};
			name = Debug;
		};
		607FACEE1AFB9204008FA782 /* Release */ = {
			isa = XCBuildConfiguration;
			buildSettings = {
				ALWAYS_SEARCH_USER_PATHS = NO;
				CLANG_CXX_LANGUAGE_STANDARD = "gnu++0x";
				CLANG_CXX_LIBRARY = "libc++";
				CLANG_ENABLE_MODULES = YES;
				CLANG_ENABLE_OBJC_ARC = YES;
				CLANG_WARN_BOOL_CONVERSION = YES;
				CLANG_WARN_CONSTANT_CONVERSION = YES;
				CLANG_WARN_DIRECT_OBJC_ISA_USAGE = YES_ERROR;
				CLANG_WARN_EMPTY_BODY = YES;
				CLANG_WARN_ENUM_CONVERSION = YES;
				CLANG_WARN_INFINITE_RECURSION = YES;
				CLANG_WARN_INT_CONVERSION = YES;
				CLANG_WARN_OBJC_ROOT_CLASS = YES_ERROR;
				CLANG_WARN_SUSPICIOUS_MOVE = YES;
				CLANG_WARN_UNREACHABLE_CODE = YES;
				CLANG_WARN__DUPLICATE_METHOD_MATCH = YES;
				"CODE_SIGN_IDENTITY[sdk=iphoneos*]" = "iPhone Developer";
				COPY_PHASE_STRIP = NO;
				DEBUG_INFORMATION_FORMAT = "dwarf-with-dsym";
				ENABLE_NS_ASSERTIONS = NO;
				ENABLE_STRICT_OBJC_MSGSEND = YES;
				GCC_C_LANGUAGE_STANDARD = gnu99;
				GCC_NO_COMMON_BLOCKS = YES;
				GCC_WARN_64_TO_32_BIT_CONVERSION = YES;
				GCC_WARN_ABOUT_RETURN_TYPE = YES_ERROR;
				GCC_WARN_UNDECLARED_SELECTOR = YES;
				GCC_WARN_UNINITIALIZED_AUTOS = YES_AGGRESSIVE;
				GCC_WARN_UNUSED_FUNCTION = YES;
				GCC_WARN_UNUSED_VARIABLE = YES;
				IPHONEOS_DEPLOYMENT_TARGET = 8.3;
				MTL_ENABLE_DEBUG_INFO = NO;
				SDKROOT = iphoneos;
				SWIFT_OPTIMIZATION_LEVEL = "-Owholemodule";
				VALIDATE_PRODUCT = YES;
			};
			name = Release;
		};
		607FACF01AFB9204008FA782 /* Debug */ = {
			isa = XCBuildConfiguration;
			baseConfigurationReference = 15AD0517E1088ED95A050C03 /* Pods-ASCIIfy_iOS_Example.debug.xcconfig */;
			buildSettings = {
				ALWAYS_EMBED_SWIFT_STANDARD_LIBRARIES = YES;
				ASSETCATALOG_COMPILER_APPICON_NAME = AppIcon;
				INFOPLIST_FILE = "$(SRCROOT)/iOS/Resources/Info.plist";
				LD_RUNPATH_SEARCH_PATHS = "$(inherited) @executable_path/Frameworks";
				MODULE_NAME = ExampleApp;
				PRODUCT_BUNDLE_IDENTIFIER = "org.cocoapods.demo.$(PRODUCT_NAME:rfc1034identifier)";
				PRODUCT_NAME = "$(TARGET_NAME)";
				SWIFT_VERSION = 3.0;
			};
			name = Debug;
		};
		607FACF11AFB9204008FA782 /* Release */ = {
			isa = XCBuildConfiguration;
			baseConfigurationReference = 2EB39B14887562EEFFE69C60 /* Pods-ASCIIfy_iOS_Example.release.xcconfig */;
			buildSettings = {
				ALWAYS_EMBED_SWIFT_STANDARD_LIBRARIES = YES;
				ASSETCATALOG_COMPILER_APPICON_NAME = AppIcon;
				INFOPLIST_FILE = "$(SRCROOT)/iOS/Resources/Info.plist";
				LD_RUNPATH_SEARCH_PATHS = "$(inherited) @executable_path/Frameworks";
				MODULE_NAME = ExampleApp;
				PRODUCT_BUNDLE_IDENTIFIER = "org.cocoapods.demo.$(PRODUCT_NAME:rfc1034identifier)";
				PRODUCT_NAME = "$(TARGET_NAME)";
				SWIFT_VERSION = 3.0;
			};
			name = Release;
		};
		607FACF31AFB9204008FA782 /* Debug */ = {
			isa = XCBuildConfiguration;
			baseConfigurationReference = 18D1A4ACA90550CD83E06F67 /* Pods-ASCIIfy_iOS_Tests.debug.xcconfig */;
			buildSettings = {
				FRAMEWORK_SEARCH_PATHS = (
					"$(SDKROOT)/Developer/Library/Frameworks",
					"$(inherited)",
				);
				GCC_PREPROCESSOR_DEFINITIONS = (
					"DEBUG=1",
					"$(inherited)",
				);
				INFOPLIST_FILE = ../Tests/Info.plist;
				LD_RUNPATH_SEARCH_PATHS = "$(inherited) @executable_path/Frameworks @loader_path/Frameworks";
				PRODUCT_BUNDLE_IDENTIFIER = "org.cocoapods.$(PRODUCT_NAME:rfc1034identifier)";
				PRODUCT_NAME = "$(TARGET_NAME)";
				SWIFT_VERSION = 3.0;
				TEST_HOST = "$(BUILT_PRODUCTS_DIR)/ASCIIfy_iOS_Example.app/ASCIIfy_iOS_Example";
			};
			name = Debug;
		};
		607FACF41AFB9204008FA782 /* Release */ = {
			isa = XCBuildConfiguration;
			baseConfigurationReference = 6B1C46FB540C93B2862E4A60 /* Pods-ASCIIfy_iOS_Tests.release.xcconfig */;
			buildSettings = {
				FRAMEWORK_SEARCH_PATHS = (
					"$(SDKROOT)/Developer/Library/Frameworks",
					"$(inherited)",
				);
				INFOPLIST_FILE = ../Tests/Info.plist;
				LD_RUNPATH_SEARCH_PATHS = "$(inherited) @executable_path/Frameworks @loader_path/Frameworks";
				PRODUCT_BUNDLE_IDENTIFIER = "org.cocoapods.$(PRODUCT_NAME:rfc1034identifier)";
				PRODUCT_NAME = "$(TARGET_NAME)";
				SWIFT_VERSION = 3.0;
				TEST_HOST = "$(BUILT_PRODUCTS_DIR)/ASCIIfy_iOS_Example.app/ASCIIfy_iOS_Example";
			};
			name = Release;
		};
		D43A8CFD1CC6CFD600CB94D2 /* Debug */ = {
			isa = XCBuildConfiguration;
			baseConfigurationReference = 4B1ECFD4E230958B3537995F /* Pods-ASCIIfy_OSX_Example.debug.xcconfig */;
			buildSettings = {
				ALWAYS_EMBED_SWIFT_STANDARD_LIBRARIES = YES;
				ASSETCATALOG_COMPILER_APPICON_NAME = AppIcon;
				CLANG_ANALYZER_NONNULL = YES;
				CODE_SIGN_IDENTITY = "-";
				COMBINE_HIDPI_IMAGES = YES;
				DEBUG_INFORMATION_FORMAT = dwarf;
				INFOPLIST_FILE = "$(SRCROOT)/Mac/Resources/Info.plist";
				LD_RUNPATH_SEARCH_PATHS = "$(inherited) @executable_path/../Frameworks";
				MACOSX_DEPLOYMENT_TARGET = 10.11;
				PRODUCT_BUNDLE_IDENTIFIER = "org.cocoapods.demo.ASCIIfy-Example-Mac";
				PRODUCT_NAME = "$(TARGET_NAME)";
				SDKROOT = macosx;
				SWIFT_VERSION = 3.0;
			};
			name = Debug;
		};
		D43A8CFE1CC6CFD600CB94D2 /* Release */ = {
			isa = XCBuildConfiguration;
			baseConfigurationReference = A822A697CDA29AD5C5D31D4C /* Pods-ASCIIfy_OSX_Example.release.xcconfig */;
			buildSettings = {
				ALWAYS_EMBED_SWIFT_STANDARD_LIBRARIES = YES;
				ASSETCATALOG_COMPILER_APPICON_NAME = AppIcon;
				CLANG_ANALYZER_NONNULL = YES;
				CODE_SIGN_IDENTITY = "-";
				COMBINE_HIDPI_IMAGES = YES;
				INFOPLIST_FILE = "$(SRCROOT)/Mac/Resources/Info.plist";
				LD_RUNPATH_SEARCH_PATHS = "$(inherited) @executable_path/../Frameworks";
				MACOSX_DEPLOYMENT_TARGET = 10.11;
				PRODUCT_BUNDLE_IDENTIFIER = "org.cocoapods.demo.ASCIIfy-Example-Mac";
				PRODUCT_NAME = "$(TARGET_NAME)";
				SDKROOT = macosx;
				SWIFT_VERSION = 3.0;
			};
			name = Release;
		};
		D43A8D0E1CC6D12700CB94D2 /* Debug */ = {
			isa = XCBuildConfiguration;
			baseConfigurationReference = 2FDBC06C560E13AB048B9CA7 /* Pods-ASCIIfy_OSX_Tests.debug.xcconfig */;
			buildSettings = {
				CLANG_ANALYZER_NONNULL = YES;
				CODE_SIGN_IDENTITY = "-";
				COMBINE_HIDPI_IMAGES = YES;
				DEBUG_INFORMATION_FORMAT = dwarf;
				INFOPLIST_FILE = ../Tests/Info.plist;
				LD_RUNPATH_SEARCH_PATHS = "$(inherited) @executable_path/../Frameworks @loader_path/../Frameworks";
				MACOSX_DEPLOYMENT_TARGET = 10.11;
				PRODUCT_BUNDLE_IDENTIFIER = "org.cocoapods.demo.ASCIIfy-Mac-Tests";
				PRODUCT_NAME = "$(TARGET_NAME)";
				SDKROOT = macosx;
				SWIFT_VERSION = 3.0;
				TEST_HOST = "$(BUILT_PRODUCTS_DIR)/ASCIIfy_OSX_Example.app/Contents/MacOS/ASCIIfy_OSX_Example";
			};
			name = Debug;
		};
		D43A8D0F1CC6D12700CB94D2 /* Release */ = {
			isa = XCBuildConfiguration;
			baseConfigurationReference = AE47ABFC3C7BF8BB8BC6EA42 /* Pods-ASCIIfy_OSX_Tests.release.xcconfig */;
			buildSettings = {
				CLANG_ANALYZER_NONNULL = YES;
				CODE_SIGN_IDENTITY = "-";
				COMBINE_HIDPI_IMAGES = YES;
				INFOPLIST_FILE = ../Tests/Info.plist;
				LD_RUNPATH_SEARCH_PATHS = "$(inherited) @executable_path/../Frameworks @loader_path/../Frameworks";
				MACOSX_DEPLOYMENT_TARGET = 10.11;
				PRODUCT_BUNDLE_IDENTIFIER = "org.cocoapods.demo.ASCIIfy-Mac-Tests";
				PRODUCT_NAME = "$(TARGET_NAME)";
				SDKROOT = macosx;
				SWIFT_VERSION = 3.0;
				TEST_HOST = "$(BUILT_PRODUCTS_DIR)/ASCIIfy_OSX_Example.app/Contents/MacOS/ASCIIfy_OSX_Example";
			};
			name = Release;
		};
/* End XCBuildConfiguration section */

/* Begin XCConfigurationList section */
		607FACCB1AFB9204008FA782 /* Build configuration list for PBXProject "ASCIIfy" */ = {
			isa = XCConfigurationList;
			buildConfigurations = (
				607FACED1AFB9204008FA782 /* Debug */,
				607FACEE1AFB9204008FA782 /* Release */,
			);
			defaultConfigurationIsVisible = 0;
			defaultConfigurationName = Release;
		};
		607FACEF1AFB9204008FA782 /* Build configuration list for PBXNativeTarget "ASCIIfy_iOS_Example" */ = {
			isa = XCConfigurationList;
			buildConfigurations = (
				607FACF01AFB9204008FA782 /* Debug */,
				607FACF11AFB9204008FA782 /* Release */,
			);
			defaultConfigurationIsVisible = 0;
			defaultConfigurationName = Release;
		};
		607FACF21AFB9204008FA782 /* Build configuration list for PBXNativeTarget "ASCIIfy_iOS_Tests" */ = {
			isa = XCConfigurationList;
			buildConfigurations = (
				607FACF31AFB9204008FA782 /* Debug */,
				607FACF41AFB9204008FA782 /* Release */,
			);
			defaultConfigurationIsVisible = 0;
			defaultConfigurationName = Release;
		};
		D43A8CFF1CC6CFD600CB94D2 /* Build configuration list for PBXNativeTarget "ASCIIfy_OSX_Example" */ = {
			isa = XCConfigurationList;
			buildConfigurations = (
				D43A8CFD1CC6CFD600CB94D2 /* Debug */,
				D43A8CFE1CC6CFD600CB94D2 /* Release */,
			);
			defaultConfigurationIsVisible = 0;
			defaultConfigurationName = Release;
		};
		D43A8D0D1CC6D12700CB94D2 /* Build configuration list for PBXNativeTarget "ASCIIfy_OSX_Tests" */ = {
			isa = XCConfigurationList;
			buildConfigurations = (
				D43A8D0E1CC6D12700CB94D2 /* Debug */,
				D43A8D0F1CC6D12700CB94D2 /* Release */,
			);
			defaultConfigurationIsVisible = 0;
			defaultConfigurationName = Release;
		};
/* End XCConfigurationList section */
	};
	rootObject = 607FACC81AFB9204008FA782 /* Project object */;
}
